
Microsoft Visual Studio Solution File, Format Version 12.00
# Visual Studio Version 16
VisualStudioVersion = 16.0.29424.173
MinimumVisualStudioVersion = 10.0.40219.1
Project("{F184B08F-C81C-45F6-A57F-5ABD9991F28F}") = "LoginMVC", "LoginMVC\LoginMVC.vbproj", "{5A0BA4FD-BA1F-4944-9EB3-A9F1488F4610}"
EndProject
Global
	GlobalSection(SolutionConfigurationPlatforms) = preSolution
		Debug|Any CPU = Debug|Any CPU
		Release|Any CPU = Release|Any CPU
	EndGlobalSection
	GlobalSection(ProjectConfigurationPlatforms) = postSolution
		{5A0BA4FD-BA1F-4944-9EB3-A9F1488F4610}.Debug|Any CPU.ActiveCfg = Debug|Any CPU
		{5A0BA4FD-BA1F-4944-9EB3-A9F1488F4610}.Debug|Any CPU.Build.0 = Debug|Any CPU
		{5A0BA4FD-BA1F-4944-9EB3-A9F1488F4610}.Release|Any CPU.ActiveCfg = Release|Any CPU
		{5A0BA4FD-BA1F-4944-9EB3-A9F1488F4610}.Release|Any CPU.Build.0 = Release|Any CPU
	EndGlobalSection
	GlobalSection(SolutionProperties) = preSolution
		HideSolutionNode = FALSE
	EndGlobalSection
	GlobalSection(ExtensibilityGlobals) = postSolution
		SolutionGuid = {F8936BB1-DE30-44D9-B087-35390C202976}
	EndGlobalSection
EndGlobal
